
Microsoft Visual Studio Solution File, Format Version 12.00
# Visual Studio Version 17
VisualStudioVersion = 17.1.32210.238
MinimumVisualStudioVersion = 10.0.40219.1
Project("{FAE04EC0-301F-11D3-BF4B-00C04F79EFBC}") = "WebAPI", "WebAPI.csproj", "{4265A90E-BD69-4247-A805-C30417F310AF}"
EndProject
Project("{2150E333-8FDC-42A3-9474-1A3956D46DE8}") = "1 - Presentation", "1 - Presentation", "{56011E96-83F8-47DA-A1F6-1325C74D59CA}"
EndProject
Project("{2150E333-8FDC-42A3-9474-1A3956D46DE8}") = "2 - Domain", "2 - Domain", "{E433E30B-AA99-4919-8172-328074B42D4E}"
EndProject
Project("{2150E333-8FDC-42A3-9474-1A3956D46DE8}") = "3 - Infrastructure", "3 - Infrastructure", "{ACFFA81E-FAE7-4DEB-BD6E-76A32306D818}"
EndProject
Project("{2150E333-8FDC-42A3-9474-1A3956D46DE8}") = "4 - UnitTest", "4 - UnitTest", "{DF3C22B2-4D42-4A86-BA8B-D81917E43DAA}"
EndProject
Project("{FAE04EC0-301F-11D3-BF4B-00C04F79EFBC}") = "Domain", "..\Domain\Domain.csproj", "{D751CE2A-1A6A-470F-AC58-2C3E07225112}"
EndProject
Project("{FAE04EC0-301F-11D3-BF4B-00C04F79EFBC}") = "Shared", "..\Shared\Shared.csproj", "{160FB323-F705-45E2-A289-D2E77D131794}"
EndProject
Project("{2150E333-8FDC-42A3-9474-1A3956D46DE8}") = "3.1 - Data_Local", "3.1 - Data_Local", "{94B6E6D5-4455-436B-ACB9-2ECBC510DE39}"
EndProject
Project("{2150E333-8FDC-42A3-9474-1A3956D46DE8}") = "3.2 - Data_External", "3.2 - Data_External", "{FF8D7E45-6A09-4FD5-8607-0A454D7B162C}"
EndProject
Project("{FAE04EC0-301F-11D3-BF4B-00C04F79EFBC}") = "UnitTest.Project", "..\UnitTest.Project\UnitTest.Project.csproj", "{A458B06B-4155-4840-9EFB-5352FD196AFB}"
EndProject
Project("{FAE04EC0-301F-11D3-BF4B-00C04F79EFBC}") = "Data.External", "..\Data.External\Data.External.csproj", "{3886111B-4C3F-44E3-B5BD-677077FD7EC0}"
EndProject
Project("{FAE04EC0-301F-11D3-BF4B-00C04F79EFBC}") = "Data.Local", "..\Data.Local\Data.Local.csproj", "{797F0B37-6A43-426D-A48D-D0CD96C0026B}"
EndProject
Global
	GlobalSection(SolutionConfigurationPlatforms) = preSolution
		Debug|Any CPU = Debug|Any CPU
		Release|Any CPU = Release|Any CPU
	EndGlobalSection
	GlobalSection(ProjectConfigurationPlatforms) = postSolution
		{4265A90E-BD69-4247-A805-C30417F310AF}.Debug|Any CPU.ActiveCfg = Debug|Any CPU
		{4265A90E-BD69-4247-A805-C30417F310AF}.Debug|Any CPU.Build.0 = Debug|Any CPU
		{4265A90E-BD69-4247-A805-C30417F310AF}.Release|Any CPU.ActiveCfg = Release|Any CPU
		{4265A90E-BD69-4247-A805-C30417F310AF}.Release|Any CPU.Build.0 = Release|Any CPU
		{D751CE2A-1A6A-470F-AC58-2C3E07225112}.Debug|Any CPU.ActiveCfg = Debug|Any CPU
		{D751CE2A-1A6A-470F-AC58-2C3E07225112}.Debug|Any CPU.Build.0 = Debug|Any CPU
		{D751CE2A-1A6A-470F-AC58-2C3E07225112}.Release|Any CPU.ActiveCfg = Release|Any CPU
		{D751CE2A-1A6A-470F-AC58-2C3E07225112}.Release|Any CPU.Build.0 = Release|Any CPU
		{160FB323-F705-45E2-A289-D2E77D131794}.Debug|Any CPU.ActiveCfg = Debug|Any CPU
		{160FB323-F705-45E2-A289-D2E77D131794}.Debug|Any CPU.Build.0 = Debug|Any CPU
		{160FB323-F705-45E2-A289-D2E77D131794}.Release|Any CPU.ActiveCfg = Release|Any CPU
		{160FB323-F705-45E2-A289-D2E77D131794}.Release|Any CPU.Build.0 = Release|Any CPU
		{A458B06B-4155-4840-9EFB-5352FD196AFB}.Debug|Any CPU.ActiveCfg = Debug|Any CPU
		{A458B06B-4155-4840-9EFB-5352FD196AFB}.Debug|Any CPU.Build.0 = Debug|Any CPU
		{A458B06B-4155-4840-9EFB-5352FD196AFB}.Release|Any CPU.ActiveCfg = Release|Any CPU
		{A458B06B-4155-4840-9EFB-5352FD196AFB}.Release|Any CPU.Build.0 = Release|Any CPU
		{3886111B-4C3F-44E3-B5BD-677077FD7EC0}.Debug|Any CPU.ActiveCfg = Debug|Any CPU
		{3886111B-4C3F-44E3-B5BD-677077FD7EC0}.Debug|Any CPU.Build.0 = Debug|Any CPU
		{3886111B-4C3F-44E3-B5BD-677077FD7EC0}.Release|Any CPU.ActiveCfg = Release|Any CPU
		{3886111B-4C3F-44E3-B5BD-677077FD7EC0}.Release|Any CPU.Build.0 = Release|Any CPU
		{797F0B37-6A43-426D-A48D-D0CD96C0026B}.Debug|Any CPU.ActiveCfg = Debug|Any CPU
		{797F0B37-6A43-426D-A48D-D0CD96C0026B}.Debug|Any CPU.Build.0 = Debug|Any CPU
		{797F0B37-6A43-426D-A48D-D0CD96C0026B}.Release|Any CPU.ActiveCfg = Release|Any CPU
		{797F0B37-6A43-426D-A48D-D0CD96C0026B}.Release|Any CPU.Build.0 = Release|Any CPU
	EndGlobalSection
	GlobalSection(SolutionProperties) = preSolution
		HideSolutionNode = FALSE
	EndGlobalSection
	GlobalSection(NestedProjects) = preSolution
		{4265A90E-BD69-4247-A805-C30417F310AF} = {56011E96-83F8-47DA-A1F6-1325C74D59CA}
		{D751CE2A-1A6A-470F-AC58-2C3E07225112} = {E433E30B-AA99-4919-8172-328074B42D4E}
		{160FB323-F705-45E2-A289-D2E77D131794} = {E433E30B-AA99-4919-8172-328074B42D4E}
		{94B6E6D5-4455-436B-ACB9-2ECBC510DE39} = {ACFFA81E-FAE7-4DEB-BD6E-76A32306D818}
		{FF8D7E45-6A09-4FD5-8607-0A454D7B162C} = {ACFFA81E-FAE7-4DEB-BD6E-76A32306D818}
		{A458B06B-4155-4840-9EFB-5352FD196AFB} = {DF3C22B2-4D42-4A86-BA8B-D81917E43DAA}
		{3886111B-4C3F-44E3-B5BD-677077FD7EC0} = {FF8D7E45-6A09-4FD5-8607-0A454D7B162C}
		{797F0B37-6A43-426D-A48D-D0CD96C0026B} = {94B6E6D5-4455-436B-ACB9-2ECBC510DE39}
	EndGlobalSection
	GlobalSection(ExtensibilityGlobals) = postSolution
		SolutionGuid = {28058908-2585-4D0B-B700-542A87D6CC0D}
	EndGlobalSection
EndGlobal
